// !$*UTF8*$!
{
	archiveVersion = 1;
	classes = {
	};
	objectVersion = 50;
	objects = {

/* Begin PBXBuildFile section */
		436EE305235FF9C3006DA46E /* AppDelegate.swift in Sources */ = {isa = PBXBuildFile; fileRef = 436EE304235FF9C3006DA46E /* AppDelegate.swift */; };
		436EE307235FF9C3006DA46E /* ViewController.swift in Sources */ = {isa = PBXBuildFile; fileRef = 436EE306235FF9C3006DA46E /* ViewController.swift */; };
		436EE30A235FF9C3006DA46E /* Main.storyboard in Resources */ = {isa = PBXBuildFile; fileRef = 436EE308235FF9C3006DA46E /* Main.storyboard */; };
		436EE30C235FF9C5006DA46E /* Assets.xcassets in Resources */ = {isa = PBXBuildFile; fileRef = 436EE30B235FF9C5006DA46E /* Assets.xcassets */; };
		436EE30F235FF9C5006DA46E /* LaunchScreen.storyboard in Resources */ = {isa = PBXBuildFile; fileRef = 436EE30D235FF9C5006DA46E /* LaunchScreen.storyboard */; };
		436EE31A235FF9C5006DA46E /* _9_23_swift_02Tests.swift in Sources */ = {isa = PBXBuildFile; fileRef = 436EE319235FF9C5006DA46E /* _9_23_swift_02Tests.swift */; };
		436EE325235FF9C6006DA46E /* _9_23_swift_02UITests.swift in Sources */ = {isa = PBXBuildFile; fileRef = 436EE324235FF9C6006DA46E /* _9_23_swift_02UITests.swift */; };
/* End PBXBuildFile section */

/* Begin PBXContainerItemProxy section */
		436EE316235FF9C5006DA46E /* PBXContainerItemProxy */ = {
			isa = PBXContainerItemProxy;
			containerPortal = 436EE2F9235FF9C3006DA46E /* Project object */;
			proxyType = 1;
			remoteGlobalIDString = 436EE300235FF9C3006DA46E;
			remoteInfo = 19.23.swift.02;
		};
		436EE321235FF9C6006DA46E /* PBXContainerItemProxy */ = {
			isa = PBXContainerItemProxy;
			containerPortal = 436EE2F9235FF9C3006DA46E /* Project object */;
			proxyType = 1;
			remoteGlobalIDString = 436EE300235FF9C3006DA46E;
			remoteInfo = 19.23.swift.02;
		};
/* End PBXContainerItemProxy section */

/* Begin PBXFileReference section */
		436EE301235FF9C3006DA46E /* 19.23.swift.02.app */ = {isa = PBXFileReference; explicitFileType = wrapper.application; includeInIndex = 0; path = 19.23.swift.02.app; sourceTree = BUILT_PRODUCTS_DIR; };
		436EE304235FF9C3006DA46E /* AppDelegate.swift */ = {isa = PBXFileReference; lastKnownFileType = sourcecode.swift; path = AppDelegate.swift; sourceTree = "<group>"; };
		436EE306235FF9C3006DA46E /* ViewController.swift */ = {isa = PBXFileReference; lastKnownFileType = sourcecode.swift; path = ViewController.swift; sourceTree = "<group>"; };
		436EE309235FF9C3006DA46E /* Base */ = {isa = PBXFileReference; lastKnownFileType = file.storyboard; name = Base; path = Base.lproj/Main.storyboard; sourceTree = "<group>"; };
		436EE30B235FF9C5006DA46E /* Assets.xcassets */ = {isa = PBXFileReference; lastKnownFileType = folder.assetcatalog; path = Assets.xcassets; sourceTree = "<group>"; };
		436EE30E235FF9C5006DA46E /* Base */ = {isa = PBXFileReference; lastKnownFileType = file.storyboard; name = Base; path = Base.lproj/LaunchScreen.storyboard; sourceTree = "<group>"; };
		436EE310235FF9C5006DA46E /* Info.plist */ = {isa = PBXFileReference; lastKnownFileType = text.plist.xml; path = Info.plist; sourceTree = "<group>"; };
		436EE315235FF9C5006DA46E /* 19.23.swift.02Tests.xctest */ = {isa = PBXFileReference; explicitFileType = wrapper.cfbundle; includeInIndex = 0; path = 19.23.swift.02Tests.xctest; sourceTree = BUILT_PRODUCTS_DIR; };
		436EE319235FF9C5006DA46E /* _9_23_swift_02Tests.swift */ = {isa = PBXFileReference; lastKnownFileType = sourcecode.swift; path = _9_23_swift_02Tests.swift; sourceTree = "<group>"; };
		436EE31B235FF9C5006DA46E /* Info.plist */ = {isa = PBXFileReference; lastKnownFileType = text.plist.xml; path = Info.plist; sourceTree = "<group>"; };
		436EE320235FF9C5006DA46E /* 19.23.swift.02UITests.xctest */ = {isa = PBXFileReference; explicitFileType = wrapper.cfbundle; includeInIndex = 0; path = 19.23.swift.02UITests.xctest; sourceTree = BUILT_PRODUCTS_DIR; };
		436EE324235FF9C6006DA46E /* _9_23_swift_02UITests.swift */ = {isa = PBXFileReference; lastKnownFileType = sourcecode.swift; path = _9_23_swift_02UITests.swift; sourceTree = "<group>"; };
		436EE326235FF9C6006DA46E /* Info.plist */ = {isa = PBXFileReference; lastKnownFileType = text.plist.xml; path = Info.plist; sourceTree = "<group>"; };
/* End PBXFileReference section */

/* Begin PBXFrameworksBuildPhase section */
		436EE2FE235FF9C3006DA46E /* Frameworks */ = {
			isa = PBXFrameworksBuildPhase;
			buildActionMask = 2147483647;
			files = (
			);
			runOnlyForDeploymentPostprocessing = 0;
		};
		436EE312235FF9C5006DA46E /* Frameworks */ = {
			isa = PBXFrameworksBuildPhase;
			buildActionMask = 2147483647;
			files = (
			);
			runOnlyForDeploymentPostprocessing = 0;
		};
		436EE31D235FF9C5006DA46E /* Frameworks */ = {
			isa = PBXFrameworksBuildPhase;
			buildActionMask = 2147483647;
			files = (
			);
			runOnlyForDeploymentPostprocessing = 0;
		};
/* End PBXFrameworksBuildPhase section */

/* Begin PBXGroup section */
		436EE2F8235FF9C3006DA46E = {
			isa = PBXGroup;
			children = (
				436EE303235FF9C3006DA46E /* 19.23.swift.02 */,
				436EE318235FF9C5006DA46E /* 19.23.swift.02Tests */,
				436EE323235FF9C6006DA46E /* 19.23.swift.02UITests */,
				436EE302235FF9C3006DA46E /* Products */,
			);
			sourceTree = "<group>";
		};
		436EE302235FF9C3006DA46E /* Products */ = {
			isa = PBXGroup;
			children = (
				436EE301235FF9C3006DA46E /* 19.23.swift.02.app */,
				436EE315235FF9C5006DA46E /* 19.23.swift.02Tests.xctest */,
				436EE320235FF9C5006DA46E /* 19.23.swift.02UITests.xctest */,
			);
			name = Products;
			sourceTree = "<group>";
		};
		436EE303235FF9C3006DA46E /* 19.23.swift.02 */ = {
			isa = PBXGroup;
			children = (
				436EE304235FF9C3006DA46E /* AppDelegate.swift */,
				436EE306235FF9C3006DA46E /* ViewController.swift */,
				436EE308235FF9C3006DA46E /* Main.storyboard */,
				436EE30B235FF9C5006DA46E /* Assets.xcassets */,
				436EE30D235FF9C5006DA46E /* LaunchScreen.storyboard */,
				436EE310235FF9C5006DA46E /* Info.plist */,
			);
			path = 19.23.swift.02;
			sourceTree = "<group>";
		};
		436EE318235FF9C5006DA46E /* 19.23.swift.02Tests */ = {
			isa = PBXGroup;
			children = (
				436EE319235FF9C5006DA46E /* _9_23_swift_02Tests.swift */,
				436EE31B235FF9C5006DA46E /* Info.plist */,
			);
			path = 19.23.swift.02Tests;
			sourceTree = "<group>";
		};
		436EE323235FF9C6006DA46E /* 19.23.swift.02UITests */ = {
			isa = PBXGroup;
			children = (
				436EE324235FF9C6006DA46E /* _9_23_swift_02UITests.swift */,
				436EE326235FF9C6006DA46E /* Info.plist */,
			);
			path = 19.23.swift.02UITests;
			sourceTree = "<group>";
		};
/* End PBXGroup section */

/* Begin PBXNativeTarget section */
		436EE300235FF9C3006DA46E /* 19.23.swift.02 */ = {
			isa = PBXNativeTarget;
			buildConfigurationList = 436EE329235FF9C6006DA46E /* Build configuration list for PBXNativeTarget "19.23.swift.02" */;
			buildPhases = (
				436EE2FD235FF9C3006DA46E /* Sources */,
				436EE2FE235FF9C3006DA46E /* Frameworks */,
				436EE2FF235FF9C3006DA46E /* Resources */,
			);
			buildRules = (
			);
			dependencies = (
			);
			name = 19.23.swift.02;
			productName = 19.23.swift.02;
			productReference = 436EE301235FF9C3006DA46E /* 19.23.swift.02.app */;
			productType = "com.apple.product-type.application";
		};
		436EE314235FF9C5006DA46E /* 19.23.swift.02Tests */ = {
			isa = PBXNativeTarget;
			buildConfigurationList = 436EE32C235FF9C6006DA46E /* Build configuration list for PBXNativeTarget "19.23.swift.02Tests" */;
			buildPhases = (
				436EE311235FF9C5006DA46E /* Sources */,
				436EE312235FF9C5006DA46E /* Frameworks */,
				436EE313235FF9C5006DA46E /* Resources */,
			);
			buildRules = (
			);
			dependencies = (
				436EE317235FF9C5006DA46E /* PBXTargetDependency */,
			);
			name = 19.23.swift.02Tests;
			productName = 19.23.swift.02Tests;
			productReference = 436EE315235FF9C5006DA46E /* 19.23.swift.02Tests.xctest */;
			productType = "com.apple.product-type.bundle.unit-test";
		};
		436EE31F235FF9C5006DA46E /* 19.23.swift.02UITests */ = {
			isa = PBXNativeTarget;
			buildConfigurationList = 436EE32F235FF9C6006DA46E /* Build configuration list for PBXNativeTarget "19.23.swift.02UITests" */;
			buildPhases = (
				436EE31C235FF9C5006DA46E /* Sources */,
				436EE31D235FF9C5006DA46E /* Frameworks */,
				436EE31E235FF9C5006DA46E /* Resources */,
			);
			buildRules = (
			);
			dependencies = (
				436EE322235FF9C6006DA46E /* PBXTargetDependency */,
			);
			name = 19.23.swift.02UITests;
			productName = 19.23.swift.02UITests;
			productReference = 436EE320235FF9C5006DA46E /* 19.23.swift.02UITests.xctest */;
			productType = "com.apple.product-type.bundle.ui-testing";
		};
/* End PBXNativeTarget section */

/* Begin PBXProject section */
		436EE2F9235FF9C3006DA46E /* Project object */ = {
			isa = PBXProject;
			attributes = {
				LastSwiftUpdateCheck = 1010;
				LastUpgradeCheck = 1010;
				ORGANIZATIONNAME = s20181105879;
				TargetAttributes = {
					436EE300235FF9C3006DA46E = {
						CreatedOnToolsVersion = 10.1;
					};
					436EE314235FF9C5006DA46E = {
						CreatedOnToolsVersion = 10.1;
						TestTargetID = 436EE300235FF9C3006DA46E;
					};
					436EE31F235FF9C5006DA46E = {
						CreatedOnToolsVersion = 10.1;
						TestTargetID = 436EE300235FF9C3006DA46E;
					};
				};
			};
			buildConfigurationList = 436EE2FC235FF9C3006DA46E /* Build configuration list for PBXProject "19.23.swift.02" */;
			compatibilityVersion = "Xcode 9.3";
			developmentRegion = en;
			hasScannedForEncodings = 0;
			knownRegions = (
				en,
				Base,
			);
			mainGroup = 436EE2F8235FF9C3006DA46E;
			productRefGroup = 436EE302235FF9C3006DA46E /* Products */;
			projectDirPath = "";
			projectRoot = "";
			targets = (
				436EE300235FF9C3006DA46E /* 19.23.swift.02 */,
				436EE314235FF9C5006DA46E /* 19.23.swift.02Tests */,
				436EE31F235FF9C5006DA46E /* 19.23.swift.02UITests */,
			);
		};
/* End PBXProject section */

/* Begin PBXResourcesBuildPhase section */
		436EE2FF235FF9C3006DA46E /* Resources */ = {
			isa = PBXResourcesBuildPhase;
			buildActionMask = 2147483647;
			files = (
				436EE30F235FF9C5006DA46E /* LaunchScreen.storyboard in Resources */,
				436EE30C235FF9C5006DA46E /* Assets.xcassets in Resources */,
				436EE30A235FF9C3006DA46E /* Main.storyboard in Resources */,
			);
			runOnlyForDeploymentPostprocessing = 0;
		};
		436EE313235FF9C5006DA46E /* Resources */ = {
			isa = PBXResourcesBuildPhase;
			buildActionMask = 2147483647;
			files = (
			);
			runOnlyForDeploymentPostprocessing = 0;
		};
		436EE31E235FF9C5006DA46E /* Resources */ = {
			isa = PBXResourcesBuildPhase;
			buildActionMask = 2147483647;
			files = (
			);
			runOnlyForDeploymentPostprocessing = 0;
		};
/* End PBXResourcesBuildPhase section */

/* Begin PBXSourcesBuildPhase section */
		436EE2FD235FF9C3006DA46E /* Sources */ = {
			isa = PBXSourcesBuildPhase;
			buildActionMask = 2147483647;
			files = (
				436EE307235FF9C3006DA46E /* ViewController.swift in Sources */,
				436EE305235FF9C3006DA46E /* AppDelegate.swift in Sources */,
			);
			runOnlyForDeploymentPostprocessing = 0;
		};
		436EE311235FF9C5006DA46E /* Sources */ = {
			isa = PBXSourcesBuildPhase;
			buildActionMask = 2147483647;
			files = (
				436EE31A235FF9C5006DA46E /* _9_23_swift_02Tests.swift in Sources */,
			);
			runOnlyForDeploymentPostprocessing = 0;
		};
		436EE31C235FF9C5006DA46E /* Sources */ = {
			isa = PBXSourcesBuildPhase;
			buildActionMask = 2147483647;
			files = (
				436EE325235FF9C6006DA46E /* _9_23_swift_02UITests.swift in Sources */,
			);
			runOnlyForDeploymentPostprocessing = 0;
		};
/* End PBXSourcesBuildPhase section */

/* Begin PBXTargetDependency section */
		436EE317235FF9C5006DA46E /* PBXTargetDependency */ = {
			isa = PBXTargetDependency;
			target = 436EE300235FF9C3006DA46E /* 19.23.swift.02 */;
			targetProxy = 436EE316235FF9C5006DA46E /* PBXContainerItemProxy */;
		};
		436EE322235FF9C6006DA46E /* PBXTargetDependency */ = {
			isa = PBXTargetDependency;
			target = 436EE300235FF9C3006DA46E /* 19.23.swift.02 */;
			targetProxy = 436EE321235FF9C6006DA46E /* PBXContainerItemProxy */;
		};
/* End PBXTargetDependency section */

/* Begin PBXVariantGroup section */
		436EE308235FF9C3006DA46E /* Main.storyboard */ = {
			isa = PBXVariantGroup;
			children = (
				436EE309235FF9C3006DA46E /* Base */,
			);
			name = Main.storyboard;
			sourceTree = "<group>";
		};
		436EE30D235FF9C5006DA46E /* LaunchScreen.storyboard */ = {
			isa = PBXVariantGroup;
			children = (
				436EE30E235FF9C5006DA46E /* Base */,
			);
			name = LaunchScreen.storyboard;
			sourceTree = "<group>";
		};
/* End PBXVariantGroup section */

/* Begin XCBuildConfiguration section */
		436EE327235FF9C6006DA46E /* Debug */ = {
			isa = XCBuildConfiguration;
			buildSettings = {
				ALWAYS_SEARCH_USER_PATHS = NO;
				CLANG_ANALYZER_NONNULL = YES;
				CLANG_ANALYZER_NUMBER_OBJECT_CONVERSION = YES_AGGRESSIVE;
				CLANG_CXX_LANGUAGE_STANDARD = "gnu++14";
				CLANG_CXX_LIBRARY = "libc++";
				CLANG_ENABLE_MODULES = YES;
				CLANG_ENABLE_OBJC_ARC = YES;
				CLANG_ENABLE_OBJC_WEAK = YES;
				CLANG_WARN_BLOCK_CAPTURE_AUTORELEASING = YES;
				CLANG_WARN_BOOL_CONVERSION = YES;
				CLANG_WARN_COMMA = YES;
				CLANG_WARN_CONSTANT_CONVERSION = YES;
				CLANG_WARN_DEPRECATED_OBJC_IMPLEMENTATIONS = YES;
				CLANG_WARN_DIRECT_OBJC_ISA_USAGE = YES_ERROR;
				CLANG_WARN_DOCUMENTATION_COMMENTS = YES;
				CLANG_WARN_EMPTY_BODY = YES;
				CLANG_WARN_ENUM_CONVERSION = YES;
				CLANG_WARN_INFINITE_RECURSION = YES;
				CLANG_WARN_INT_CONVERSION = YES;
				CLANG_WARN_NON_LITERAL_NULL_CONVERSION = YES;
				CLANG_WARN_OBJC_IMPLICIT_RETAIN_SELF = YES;
				CLANG_WARN_OBJC_LITERAL_CONVERSION = YES;
				CLANG_WARN_OBJC_ROOT_CLASS = YES_ERROR;
				CLANG_WARN_RANGE_LOOP_ANALYSIS = YES;
				CLANG_WARN_STRICT_PROTOTYPES = YES;
				CLANG_WARN_SUSPICIOUS_MOVE = YES;
				CLANG_WARN_UNGUARDED_AVAILABILITY = YES_AGGRESSIVE;
				CLANG_WARN_UNREACHABLE_CODE = YES;
				CLANG_WARN__DUPLICATE_METHOD_MATCH = YES;
				CODE_SIGN_IDENTITY = "iPhone Developer";
				COPY_PHASE_STRIP = NO;
				DEBUG_INFORMATION_FORMAT = dwarf;
				ENABLE_STRICT_OBJC_MSGSEND = YES;
				ENABLE_TESTABILITY = YES;
				GCC_C_LANGUAGE_STANDARD = gnu11;
				GCC_DYNAMIC_NO_PIC = NO;
				GCC_NO_COMMON_BLOCKS = YES;
				GCC_OPTIMIZATION_LEVEL = 0;
				GCC_PREPROCESSOR_DEFINITIONS = (
					"DEBUG=1",
					"$(inherited)",
				);
				GCC_WARN_64_TO_32_BIT_CONVERSION = YES;
				GCC_WARN_ABOUT_RETURN_TYPE = YES_ERROR;
				GCC_WARN_UNDECLARED_SELECTOR = YES;
				GCC_WARN_UNINITIALIZED_AUTOS = YES_AGGRESSIVE;
				GCC_WARN_UNUSED_FUNCTION = YES;
				GCC_WARN_UNUSED_VARIABLE = YES;
				IPHONEOS_DEPLOYMENT_TARGET = 12.1;
				MTL_ENABLE_DEBUG_INFO = INCLUDE_SOURCE;
				MTL_FAST_MATH = YES;
				ONLY_ACTIVE_ARCH = YES;
				SDKROOT = iphoneos;
				SWIFT_ACTIVE_COMPILATION_CONDITIONS = DEBUG;
				SWIFT_OPTIMIZATION_LEVEL = "-Onone";
			};
			name = Debug;
		};
		436EE328235FF9C6006DA46E /* Release */ = {
			isa = XCBuildConfiguration;
			buildSettings = {
				ALWAYS_SEARCH_USER_PATHS = NO;
				CLANG_ANALYZER_NONNULL = YES;
				CLANG_ANALYZER_NUMBER_OBJECT_CONVERSION = YES_AGGRESSIVE;
				CLANG_CXX_LANGUAGE_STANDARD = "gnu++14";
				CLANG_CXX_LIBRARY = "libc++";
				CLANG_ENABLE_MODULES = YES;
				CLANG_ENABLE_OBJC_ARC = YES;
				CLANG_ENABLE_OBJC_WEAK = YES;
				CLANG_WARN_BLOCK_CAPTURE_AUTORELEASING = YES;
				CLANG_WARN_BOOL_CONVERSION = YES;
				CLANG_WARN_COMMA = YES;
				CLANG_WARN_CONSTANT_CONVERSION = YES;
				CLANG_WARN_DEPRECATED_OBJC_IMPLEMENTATIONS = YES;
				CLANG_WARN_DIRECT_OBJC_ISA_USAGE = YES_ERROR;
				CLANG_WARN_DOCUMENTATION_COMMENTS = YES;
				CLANG_WARN_EMPTY_BODY = YES;
				CLANG_WARN_ENUM_CONVERSION = YES;
				CLANG_WARN_INFINITE_RECURSION = YES;
				CLANG_WARN_INT_CONVERSION = YES;
				CLANG_WARN_NON_LITERAL_NULL_CONVERSION = YES;
				CLANG_WARN_OBJC_IMPLICIT_RETAIN_SELF = YES;
				CLANG_WARN_OBJC_LITERAL_CONVERSION = YES;
				CLANG_WARN_OBJC_ROOT_CLASS = YES_ERROR;
				CLANG_WARN_RANGE_LOOP_ANALYSIS = YES;
				CLANG_WARN_STRICT_PROTOTYPES = YES;
				CLANG_WARN_SUSPICIOUS_MOVE = YES;
				CLANG_WARN_UNGUARDED_AVAILABILITY = YES_AGGRESSIVE;
				CLANG_WARN_UNREACHABLE_CODE = YES;
				CLANG_WARN__DUPLICATE_METHOD_MATCH = YES;
				CODE_SIGN_IDENTITY = "iPhone Developer";
				COPY_PHASE_STRIP = NO;
				DEBUG_INFORMATION_FORMAT = "dwarf-with-dsym";
				ENABLE_NS_ASSERTIONS = NO;
				ENABLE_STRICT_OBJC_MSGSEND = YES;
				GCC_C_LANGUAGE_STANDARD = gnu11;
				GCC_NO_COMMON_BLOCKS = YES;
				GCC_WARN_64_TO_32_BIT_CONVERSION = YES;
				GCC_WARN_ABOUT_RETURN_TYPE = YES_ERROR;
				GCC_WARN_UNDECLARED_SELECTOR = YES;
				GCC_WARN_UNINITIALIZED_AUTOS = YES_AGGRESSIVE;
				GCC_WARN_UNUSED_FUNCTION = YES;
				GCC_WARN_UNUSED_VARIABLE = YES;
				IPHONEOS_DEPLOYMENT_TARGET = 12.1;
				MTL_ENABLE_DEBUG_INFO = NO;
				MTL_FAST_MATH = YES;
				SDKROOT = iphoneos;
				SWIFT_COMPILATION_MODE = wholemodule;
				SWIFT_OPTIMIZATION_LEVEL = "-O";
				VALIDATE_PRODUCT = YES;
			};
			name = Release;
		};
		436EE32A235FF9C6006DA46E /* Debug */ = {
			isa = XCBuildConfiguration;
			buildSettings = {
				ASSETCATALOG_COMPILER_APPICON_NAME = AppIcon;
				CODE_SIGN_STYLE = Automatic;
				INFOPLIST_FILE = 19.23.swift.02/Info.plist;
				LD_RUNPATH_SEARCH_PATHS = (
					"$(inherited)",
					"@executable_path/Frameworks",
				);
				PRODUCT_BUNDLE_IDENTIFIER = "-.-9-23-swift-02";
				PRODUCT_NAME = "$(TARGET_NAME)";
				SWIFT_VERSION = 4.2;
				TARGETED_DEVICE_FAMILY = "1,2";
			};
			name = Debug;
		};
		436EE32B235FF9C6006DA46E /* Release */ = {
			isa = XCBuildConfiguration;
			buildSettings = {
				ASSETCATALOG_COMPILER_APPICON_NAME = AppIcon;
				CODE_SIGN_STYLE = Automatic;
				INFOPLIST_FILE = 19.23.swift.02/Info.plist;
				LD_RUNPATH_SEARCH_PATHS = (
					"$(inherited)",
					"@executable_path/Frameworks",
				);
				PRODUCT_BUNDLE_IDENTIFIER = "-.-9-23-swift-02";
				PRODUCT_NAME = "$(TARGET_NAME)";
				SWIFT_VERSION = 4.2;
				TARGETED_DEVICE_FAMILY = "1,2";
			};
			name = Release;
		};
		436EE32D235FF9C6006DA46E /* Debug */ = {
			isa = XCBuildConfiguration;
			buildSettings = {
				ALWAYS_EMBED_SWIFT_STANDARD_LIBRARIES = YES;
				BUNDLE_LOADER = "$(TEST_HOST)";
				CODE_SIGN_STYLE = Automatic;
				INFOPLIST_FILE = 19.23.swift.02Tests/Info.plist;
				LD_RUNPATH_SEARCH_PATHS = (
					"$(inherited)",
					"@executable_path/Frameworks",
					"@loader_path/Frameworks",
				);
				PRODUCT_BUNDLE_IDENTIFIER = "-.-9-23-swift-02Tests";
				PRODUCT_NAME = "$(TARGET_NAME)";
				SWIFT_VERSION = 4.2;
				TARGETED_DEVICE_FAMILY = "1,2";
				TEST_HOST = "$(BUILT_PRODUCTS_DIR)/19.23.swift.02.app/19.23.swift.02";
			};
			name = Debug;
		};
		436EE32E235FF9C6006DA46E /* Release */ = {
			isa = XCBuildConfiguration;
			buildSettings = {
				ALWAYS_EMBED_SWIFT_STANDARD_LIBRARIES = YES;
				BUNDLE_LOADER = "$(TEST_HOST)";
				CODE_SIGN_STYLE = Automatic;
				INFOPLIST_FILE = 19.23.swift.02Tests/Info.plist;
				LD_RUNPATH_SEARCH_PATHS = (
					"$(inherited)",
					"@executable_path/Frameworks",
					"@loader_path/Frameworks",
				);
				PRODUCT_BUNDLE_IDENTIFIER = "-.-9-23-swift-02Tests";
				PRODUCT_NAME = "$(TARGET_NAME)";
				SWIFT_VERSION = 4.2;
				TARGETED_DEVICE_FAMILY = "1,2";
				TEST_HOST = "$(BUILT_PRODUCTS_DIR)/19.23.swift.02.app/19.23.swift.02";
			};
			name = Release;
		};
		436EE330235FF9C6006DA46E /* Debug */ = {
			isa = XCBuildConfiguration;
			buildSettings = {
				ALWAYS_EMBED_SWIFT_STANDARD_LIBRARIES = YES;
				CODE_SIGN_STYLE = Automatic;
				INFOPLIST_FILE = 19.23.swift.02UITests/Info.plist;
				LD_RUNPATH_SEARCH_PATHS = (
					"$(inherited)",
					"@executable_path/Frameworks",
					"@loader_path/Frameworks",
				);
				PRODUCT_BUNDLE_IDENTIFIER = "-.-9-23-swift-02UITests";
				PRODUCT_NAME = "$(TARGET_NAME)";
				SWIFT_VERSION = 4.2;
				TARGETED_DEVICE_FAMILY = "1,2";
				TEST_TARGET_NAME = 19.23.swift.02;
			};
			name = Debug;
		};
		436EE331235FF9C6006DA46E /* Release */ = {
			isa = XCBuildConfiguration;
			buildSettings = {
				ALWAYS_EMBED_SWIFT_STANDARD_LIBRARIES = YES;
				CODE_SIGN_STYLE = Automatic;
				INFOPLIST_FILE = 19.23.swift.02UITests/Info.plist;
				LD_RUNPATH_SEARCH_PATHS = (
					"$(inherited)",
					"@executable_path/Frameworks",
					"@loader_path/Frameworks",
				);
				PRODUCT_BUNDLE_IDENTIFIER = "-.-9-23-swift-02UITests";
				PRODUCT_NAME = "$(TARGET_NAME)";
				SWIFT_VERSION = 4.2;
				TARGETED_DEVICE_FAMILY = "1,2";
				TEST_TARGET_NAME = 19.23.swift.02;
			};
			name = Release;
		};
/* End XCBuildConfiguration section */

/* Begin XCConfigurationList section */
		436EE2FC235FF9C3006DA46E /* Build configuration list for PBXProject "19.23.swift.02" */ = {
			isa = XCConfigurationList;
			buildConfigurations = (
				436EE327235FF9C6006DA46E /* Debug */,
				436EE328235FF9C6006DA46E /* Release */,
			);
			defaultConfigurationIsVisible = 0;
			defaultConfigurationName = Release;
		};
		436EE329235FF9C6006DA46E /* Build configuration list for PBXNativeTarget "19.23.swift.02" */ = {
			isa = XCConfigurationList;
			buildConfigurations = (
				436EE32A235FF9C6006DA46E /* Debug */,
				436EE32B235FF9C6006DA46E /* Release */,
			);
			defaultConfigurationIsVisible = 0;
			defaultConfigurationName = Release;
		};
		436EE32C235FF9C6006DA46E /* Build configuration list for PBXNativeTarget "19.23.swift.02Tests" */ = {
			isa = XCConfigurationList;
			buildConfigurations = (
				436EE32D235FF9C6006DA46E /* Debug */,
				436EE32E235FF9C6006DA46E /* Release */,
			);
			defaultConfigurationIsVisible = 0;
			defaultConfigurationName = Release;
		};
		436EE32F235FF9C6006DA46E /* Build configuration list for PBXNativeTarget "19.23.swift.02UITests" */ = {
			isa = XCConfigurationList;
			buildConfigurations = (
				436EE330235FF9C6006DA46E /* Debug */,
				436EE331235FF9C6006DA46E /* Release */,
			);
			defaultConfigurationIsVisible = 0;
			defaultConfigurationName = Release;
		};
/* End XCConfigurationList section */
	};
	rootObject = 436EE2F9235FF9C3006DA46E /* Project object */;
}
